{
  "version": 4,
  "terraform_version": "1.11.1",
  "serial": 29,
  "lineage": "dc7326c2-a6d5-817b-85be-e1addb6bfcee",
  "outputs": {
    "alb_dns_name": {
      "value": "technova-prod-alb-965782546.us-west-2.elb.amazonaws.com",
      "type": "string"
    },
    "private_subnet_ids": {
      "value": [
        "subnet-0f8cbd85ec916c448",
        "subnet-005c473ab7cbfb51d"
      ],
      "type": [
        "tuple",
        [
          "string",
          "string"
        ]
      ]
    },
    "public_subnet_ids": {
      "value": [
        "subnet-089d50906709c3697",
        "subnet-0c16c71f5f51a8500"
      ],
      "type": [
        "tuple",
        [
          "string",
          "string"
        ]
      ]
    },
    "vpc_id": {
      "value": "vpc-09a2605b44ad2c3f0",
      "type": "string"
    }
  },
  "resources": [
    {
      "module": "module.alb",
      "mode": "managed",
      "type": "aws_lb",
      "name": "main",
      "provider": "provider[\"registry.terraform.io/hashicorp/aws\"]",
      "instances": [
        {
          "schema_version": 0,
          "attributes": {
            "access_logs": [
              {
                "bucket": "",
                "enabled": false,
                "prefix": ""
              }
            ],
            "arn": "arn:aws:elasticloadbalancing:us-west-2:628350649215:loadbalancer/app/technova-prod-alb/a86afc36ebe87748",
            "arn_suffix": "app/technova-prod-alb/a86afc36ebe87748",
            "customer_owned_ipv4_pool": "",
            "desync_mitigation_mode": "defensive",
            "dns_name": "technova-prod-alb-965782546.us-west-2.elb.amazonaws.com",
            "drop_invalid_header_fields": false,
            "enable_cross_zone_load_balancing": true,
            "enable_deletion_protection": false,
            "enable_http2": true,
            "enable_waf_fail_open": false,
            "id": "arn:aws:elasticloadbalancing:us-west-2:628350649215:loadbalancer/app/technova-prod-alb/a86afc36ebe87748",
            "idle_timeout": 60,
            "internal": false,
            "ip_address_type": "ipv4",
            "load_balancer_type": "application",
            "name": "technova-prod-alb",
            "name_prefix": null,
            "preserve_host_header": false,
            "security_groups": [
              "sg-05e0145e2e8035523"
            ],
            "subnet_mapping": [
              {
                "allocation_id": "",
                "ipv6_address": "",
                "outpost_id": "",
                "private_ipv4_address": "",
                "subnet_id": "subnet-089d50906709c3697"
              },
              {
                "allocation_id": "",
                "ipv6_address": "",
                "outpost_id": "",
                "private_ipv4_address": "",
                "subnet_id": "subnet-0c16c71f5f51a8500"
              }
            ],
            "subnets": [
              "subnet-089d50906709c3697",
              "subnet-0c16c71f5f51a8500"
            ],
            "tags": {
              "Department": "IT",
              "Environment": "prod",
              "Name": "technova-prod-alb",
              "Project": "technova"
            },
            "tags_all": {
              "Department": "IT",
              "Environment": "prod",
              "Name": "technova-prod-alb",
              "Project": "technova"
            },
            "timeouts": null,
            "vpc_id": "vpc-09a2605b44ad2c3f0",
            "zone_id": "Z1H1FL5HABSF5"
          },
          "sensitive_attributes": [],
          "private": "eyJlMmJmYjczMC1lY2FhLTExZTYtOGY4OC0zNDM2M2JjN2M0YzAiOnsiY3JlYXRlIjo2MDAwMDAwMDAwMDAsImRlbGV0ZSI6NjAwMDAwMDAwMDAwLCJ1cGRhdGUiOjYwMDAwMDAwMDAwMH19",
          "dependencies": [
            "module.security_groups.aws_security_group.alb",
            "module.vpc.aws_subnet.public",
            "module.vpc.aws_vpc.main"
          ]
        }
      ]
    },
    {
      "module": "module.alb",
      "mode": "managed",
      "type": "aws_lb_listener",
      "name": "http",
      "provider": "provider[\"registry.terraform.io/hashicorp/aws\"]",
      "instances": [
        {
          "schema_version": 0,
          "attributes": {
            "alpn_policy": null,
            "arn": "arn:aws:elasticloadbalancing:us-west-2:628350649215:listener/app/technova-prod-alb/a86afc36ebe87748/2e4412628dfa1b1b",
            "certificate_arn": null,
            "default_action": [
              {
                "authenticate_cognito": [],
                "authenticate_oidc": [],
                "fixed_response": [],
                "forward": [],
                "order": 1,
                "redirect": [],
                "target_group_arn": "arn:aws:elasticloadbalancing:us-west-2:628350649215:targetgroup/technova-prod-tg/06f3e7de5bde81eb",
                "type": "forward"
              }
            ],
            "id": "arn:aws:elasticloadbalancing:us-west-2:628350649215:listener/app/technova-prod-alb/a86afc36ebe87748/2e4412628dfa1b1b",
            "load_balancer_arn": "arn:aws:elasticloadbalancing:us-west-2:628350649215:loadbalancer/app/technova-prod-alb/a86afc36ebe87748",
            "port": 80,
            "protocol": "HTTP",
            "ssl_policy": "",
            "tags": {
              "Department": "IT",
              "Environment": "prod",
              "Name": "technova-prod-http-listener",
              "Project": "technova"
            },
            "tags_all": {
              "Department": "IT",
              "Environment": "prod",
              "Name": "technova-prod-http-listener",
              "Project": "technova"
            },
            "timeouts": null
          },
          "sensitive_attributes": [],
          "private": "eyJlMmJmYjczMC1lY2FhLTExZTYtOGY4OC0zNDM2M2JjN2M0YzAiOnsicmVhZCI6NjAwMDAwMDAwMDAwfX0=",
          "dependencies": [
            "module.alb.aws_lb.main",
            "module.alb.aws_lb_target_group.main",
            "module.security_groups.aws_security_group.alb",
            "module.vpc.aws_subnet.public",
            "module.vpc.aws_vpc.main"
          ]
        }
      ]
    },
    {
      "module": "module.alb",
      "mode": "managed",
      "type": "aws_lb_target_group",
      "name": "main",
      "provider": "provider[\"registry.terraform.io/hashicorp/aws\"]",
      "instances": [
        {
          "schema_version": 0,
          "attributes": {
            "arn": "arn:aws:elasticloadbalancing:us-west-2:628350649215:targetgroup/technova-prod-tg/06f3e7de5bde81eb",
            "arn_suffix": "targetgroup/technova-prod-tg/06f3e7de5bde81eb",
            "connection_termination": false,
            "deregistration_delay": "300",
            "health_check": [
              {
                "enabled": true,
                "healthy_threshold": 2,
                "interval": 30,
                "matcher": "200",
                "path": "/",
                "port": "traffic-port",
                "protocol": "HTTP",
                "timeout": 5,
                "unhealthy_threshold": 2
              }
            ],
            "id": "arn:aws:elasticloadbalancing:us-west-2:628350649215:targetgroup/technova-prod-tg/06f3e7de5bde81eb",
            "ip_address_type": "ipv4",
            "lambda_multi_value_headers_enabled": false,
            "load_balancing_algorithm_type": "round_robin",
            "name": "technova-prod-tg",
            "name_prefix": null,
            "port": 80,
            "preserve_client_ip": null,
            "protocol": "HTTP",
            "protocol_version": "HTTP1",
            "proxy_protocol_v2": false,
            "slow_start": 0,
            "stickiness": [
              {
                "cookie_duration": 86400,
                "cookie_name": "",
                "enabled": false,
                "type": "lb_cookie"
              }
            ],
            "tags": {
              "Department": "IT",
              "Environment": "prod",
              "Name": "technova-prod-tg",
              "Project": "technova"
            },
            "tags_all": {
              "Department": "IT",
              "Environment": "prod",
              "Name": "technova-prod-tg",
              "Project": "technova"
            },
            "target_failover": [
              {
                "on_deregistration": null,
                "on_unhealthy": null
              }
            ],
            "target_type": "instance",
            "vpc_id": "vpc-09a2605b44ad2c3f0"
          },
          "sensitive_attributes": [],
          "private": "bnVsbA==",
          "dependencies": [
            "module.vpc.aws_vpc.main"
          ],
          "create_before_destroy": true
        }
      ]
    },
    {
      "module": "module.asg",
      "mode": "data",
      "type": "aws_ami",
      "name": "amazon_linux",
      "provider": "provider[\"registry.terraform.io/hashicorp/aws\"]",
      "instances": [
        {
          "schema_version": 0,
          "attributes": {
            "architecture": "x86_64",
            "arn": "arn:aws:ec2:us-west-2::image/ami-0fc2eeaed4f7b95c5",
            "block_device_mappings": [
              {
                "device_name": "/dev/xvda",
                "ebs": {
                  "delete_on_termination": "true",
                  "encrypted": "false",
                  "iops": "0",
                  "snapshot_id": "snap-0db2e6cb18f0caac6",
                  "throughput": "0",
                  "volume_size": "8",
                  "volume_type": "gp2"
                },
                "no_device": "",
                "virtual_name": ""
              }
            ],
            "boot_mode": "",
            "creation_date": "2025-03-05T01:36:05.000Z",
            "deprecation_time": "2025-07-01T00:00:00.000Z",
            "description": "Amazon Linux 2 AMI 2.0.20250305.0 x86_64 HVM gp2",
            "ena_support": true,
            "executable_users": null,
            "filter": [
              {
                "name": "name",
                "values": [
                  "amzn2-ami-hvm-*-x86_64-gp2"
                ]
              },
              {
                "name": "virtualization-type",
                "values": [
                  "hvm"
                ]
              }
            ],
            "hypervisor": "xen",
            "id": "ami-0fc2eeaed4f7b95c5",
            "image_id": "ami-0fc2eeaed4f7b95c5",
            "image_location": "amazon/amzn2-ami-hvm-2.0.20250305.0-x86_64-gp2",
            "image_owner_alias": "amazon",
            "image_type": "machine",
            "imds_support": "",
            "include_deprecated": false,
            "kernel_id": "",
            "most_recent": true,
            "name": "amzn2-ami-hvm-2.0.20250305.0-x86_64-gp2",
            "name_regex": null,
            "owner_id": "137112412989",
            "owners": [
              "amazon"
            ],
            "platform": "",
            "platform_details": "Linux/UNIX",
            "product_codes": [],
            "public": true,
            "ramdisk_id": "",
            "root_device_name": "/dev/xvda",
            "root_device_type": "ebs",
            "root_snapshot_id": "snap-0db2e6cb18f0caac6",
            "sriov_net_support": "simple",
            "state": "available",
            "state_reason": {
              "code": "UNSET",
              "message": "UNSET"
            },
            "tags": {},
            "timeouts": null,
            "tpm_support": "",
            "usage_operation": "RunInstances",
            "virtualization_type": "hvm"
          },
          "sensitive_attributes": []
        }
      ]
    },
    {
      "module": "module.asg",
      "mode": "managed",
      "type": "aws_autoscaling_group",
      "name": "main",
      "provider": "provider[\"registry.terraform.io/hashicorp/aws\"]",
      "instances": [
        {
          "schema_version": 0,
          "attributes": {
            "arn": "arn:aws:autoscaling:us-west-2:628350649215:autoScalingGroup:ee9d92d8-47c3-48be-b79a-4f8adf823ded:autoScalingGroupName/technova-prod-asg",
            "availability_zones": [
              "us-west-2a",
              "us-west-2b"
            ],
            "capacity_rebalance": false,
            "context": "",
            "default_cooldown": 300,
            "default_instance_warmup": 0,
            "desired_capacity": 2,
            "enabled_metrics": null,
            "force_delete": false,
            "force_delete_warm_pool": false,
            "health_check_grace_period": 300,
            "health_check_type": "ELB",
            "id": "technova-prod-asg",
            "initial_lifecycle_hook": [],
            "instance_refresh": [],
            "launch_configuration": "",
            "launch_template": [
              {
                "id": "lt-0b677b9d5434441b5",
                "name": "technova-prod-lt-20250319171214419400000001",
                "version": "$Latest"
              }
            ],
            "load_balancers": null,
            "max_instance_lifetime": 0,
            "max_size": 10,
            "metrics_granularity": "1Minute",
            "min_elb_capacity": null,
            "min_size": 2,
            "mixed_instances_policy": [],
            "name": "technova-prod-asg",
            "name_prefix": "",
            "placement_group": "",
            "protect_from_scale_in": false,
            "service_linked_role_arn": "arn:aws:iam::628350649215:role/aws-service-role/autoscaling.amazonaws.com/AWSServiceRoleForAutoScaling",
            "suspended_processes": null,
            "tag": [
              {
                "key": "Department",
                "propagate_at_launch": true,
                "value": "IT"
              },
              {
                "key": "Environment",
                "propagate_at_launch": true,
                "value": "prod"
              },
              {
                "key": "Name",
                "propagate_at_launch": true,
                "value": "technova-prod-asg-instance"
              },
              {
                "key": "Project",
                "propagate_at_launch": true,
                "value": "technova"
              }
            ],
            "tags": null,
            "target_group_arns": [
              "arn:aws:elasticloadbalancing:us-west-2:628350649215:targetgroup/technova-prod-tg/06f3e7de5bde81eb"
            ],
            "termination_policies": null,
            "timeouts": null,
            "vpc_zone_identifier": [
              "subnet-005c473ab7cbfb51d",
              "subnet-0f8cbd85ec916c448"
            ],
            "wait_for_capacity_timeout": "10m",
            "wait_for_elb_capacity": null,
            "warm_pool": []
          },
          "sensitive_attributes": [],
          "private": "eyJlMmJmYjczMC1lY2FhLTExZTYtOGY4OC0zNDM2M2JjN2M0YzAiOnsiZGVsZXRlIjo2MDAwMDAwMDAwMDAsInVwZGF0ZSI6NjAwMDAwMDAwMDAwfX0=",
          "dependencies": [
            "module.alb.aws_lb_target_group.main",
            "module.asg.aws_launch_template.main",
            "module.asg.data.aws_ami.amazon_linux",
            "module.security_groups.aws_security_group.alb",
            "module.security_groups.aws_security_group.instance",
            "module.vpc.aws_subnet.private",
            "module.vpc.aws_vpc.main"
          ],
          "create_before_destroy": true
        }
      ]
    },
    {
      "module": "module.asg",
      "mode": "managed",
      "type": "aws_autoscaling_policy",
      "name": "scale_down",
      "provider": "provider[\"registry.terraform.io/hashicorp/aws\"]",
      "instances": [
        {
          "schema_version": 0,
          "attributes": {
            "adjustment_type": "ChangeInCapacity",
            "arn": "arn:aws:autoscaling:us-west-2:628350649215:scalingPolicy:6994d0aa-a9b2-439c-91e3-72430d399331:autoScalingGroupName/technova-prod-asg:policyName/technova-prod-scale-down",
            "autoscaling_group_name": "technova-prod-asg",
            "cooldown": 300,
            "enabled": true,
            "estimated_instance_warmup": 0,
            "id": "technova-prod-scale-down",
            "metric_aggregation_type": "",
            "min_adjustment_magnitude": null,
            "name": "technova-prod-scale-down",
            "policy_type": "SimpleScaling",
            "predictive_scaling_configuration": [],
            "scaling_adjustment": -1,
            "step_adjustment": [],
            "target_tracking_configuration": []
          },
          "sensitive_attributes": [],
          "private": "bnVsbA==",
          "dependencies": [
            "module.alb.aws_lb_target_group.main",
            "module.asg.aws_autoscaling_group.main",
            "module.asg.aws_launch_template.main",
            "module.asg.data.aws_ami.amazon_linux",
            "module.security_groups.aws_security_group.alb",
            "module.security_groups.aws_security_group.instance",
            "module.vpc.aws_subnet.private",
            "module.vpc.aws_vpc.main"
          ]
        }
      ]
    },
    {
      "module": "module.asg",
      "mode": "managed",
      "type": "aws_autoscaling_policy",
      "name": "scale_up",
      "provider": "provider[\"registry.terraform.io/hashicorp/aws\"]",
      "instances": [
        {
          "schema_version": 0,
          "attributes": {
            "adjustment_type": "ChangeInCapacity",
            "arn": "arn:aws:autoscaling:us-west-2:628350649215:scalingPolicy:0d6f4e00-3607-48ec-88d3-6f9420728715:autoScalingGroupName/technova-prod-asg:policyName/technova-prod-scale-up",
            "autoscaling_group_name": "technova-prod-asg",
            "cooldown": 300,
            "enabled": true,
            "estimated_instance_warmup": 0,
            "id": "technova-prod-scale-up",
            "metric_aggregation_type": "",
            "min_adjustment_magnitude": null,
            "name": "technova-prod-scale-up",
            "policy_type": "SimpleScaling",
            "predictive_scaling_configuration": [],
            "scaling_adjustment": 1,
            "step_adjustment": [],
            "target_tracking_configuration": []
          },
          "sensitive_attributes": [],
          "private": "bnVsbA==",
          "dependencies": [
            "module.alb.aws_lb_target_group.main",
            "module.asg.aws_autoscaling_group.main",
            "module.asg.aws_launch_template.main",
            "module.asg.data.aws_ami.amazon_linux",
            "module.security_groups.aws_security_group.alb",
            "module.security_groups.aws_security_group.instance",
            "module.vpc.aws_subnet.private",
            "module.vpc.aws_vpc.main"
          ]
        }
      ]
    },
    {
      "module": "module.asg",
      "mode": "managed",
      "type": "aws_cloudwatch_metric_alarm",
      "name": "high_cpu",
      "provider": "provider[\"registry.terraform.io/hashicorp/aws\"]",
      "instances": [
        {
          "schema_version": 1,
          "attributes": {
            "actions_enabled": true,
            "alarm_actions": [
              "arn:aws:autoscaling:us-west-2:628350649215:scalingPolicy:0d6f4e00-3607-48ec-88d3-6f9420728715:autoScalingGroupName/technova-prod-asg:policyName/technova-prod-scale-up"
            ],
            "alarm_description": "Scale up if CPU utilization is above 70% for 4 minutes",
            "alarm_name": "technova-prod-high-cpu",
            "arn": "arn:aws:cloudwatch:us-west-2:628350649215:alarm:technova-prod-high-cpu",
            "comparison_operator": "GreaterThanThreshold",
            "datapoints_to_alarm": 0,
            "dimensions": {
              "AutoScalingGroupName": "technova-prod-asg"
            },
            "evaluate_low_sample_count_percentiles": "",
            "evaluation_periods": 2,
            "extended_statistic": "",
            "id": "technova-prod-high-cpu",
            "insufficient_data_actions": null,
            "metric_name": "CPUUtilization",
            "metric_query": [],
            "namespace": "AWS/EC2",
            "ok_actions": null,
            "period": 120,
            "statistic": "Average",
            "tags": {
              "Department": "IT",
              "Environment": "prod",
              "Name": "technova-prod-high-cpu-alarm",
              "Project": "technova"
            },
            "tags_all": {
              "Department": "IT",
              "Environment": "prod",
              "Name": "technova-prod-high-cpu-alarm",
              "Project": "technova"
            },
            "threshold": 70,
            "threshold_metric_id": "",
            "treat_missing_data": "missing",
            "unit": ""
          },
          "sensitive_attributes": [],
          "private": "eyJzY2hlbWFfdmVyc2lvbiI6IjEifQ==",
          "dependencies": [
            "module.alb.aws_lb_target_group.main",
            "module.asg.aws_autoscaling_group.main",
            "module.asg.aws_autoscaling_policy.scale_up",
            "module.asg.aws_launch_template.main",
            "module.asg.data.aws_ami.amazon_linux",
            "module.security_groups.aws_security_group.alb",
            "module.security_groups.aws_security_group.instance",
            "module.vpc.aws_subnet.private",
            "module.vpc.aws_vpc.main"
          ]
        }
      ]
    },
    {
      "module": "module.asg",
      "mode": "managed",
      "type": "aws_cloudwatch_metric_alarm",
      "name": "low_cpu",
      "provider": "provider[\"registry.terraform.io/hashicorp/aws\"]",
      "instances": [
        {
          "schema_version": 1,
          "attributes": {
            "actions_enabled": true,
            "alarm_actions": [
              "arn:aws:autoscaling:us-west-2:628350649215:scalingPolicy:6994d0aa-a9b2-439c-91e3-72430d399331:autoScalingGroupName/technova-prod-asg:policyName/technova-prod-scale-down"
            ],
            "alarm_description": "Scale down if CPU utilization is below 30% for 4 minutes",
            "alarm_name": "technova-prod-low-cpu",
            "arn": "arn:aws:cloudwatch:us-west-2:628350649215:alarm:technova-prod-low-cpu",
            "comparison_operator": "LessThanThreshold",
            "datapoints_to_alarm": 0,
            "dimensions": {
              "AutoScalingGroupName": "technova-prod-asg"
            },
            "evaluate_low_sample_count_percentiles": "",
            "evaluation_periods": 2,
            "extended_statistic": "",
            "id": "technova-prod-low-cpu",
            "insufficient_data_actions": null,
            "metric_name": "CPUUtilization",
            "metric_query": [],
            "namespace": "AWS/EC2",
            "ok_actions": null,
            "period": 120,
            "statistic": "Average",
            "tags": {
              "Department": "IT",
              "Environment": "prod",
              "Name": "technova-prod-low-cpu-alarm",
              "Project": "technova"
            },
            "tags_all": {
              "Department": "IT",
              "Environment": "prod",
              "Name": "technova-prod-low-cpu-alarm",
              "Project": "technova"
            },
            "threshold": 30,
            "threshold_metric_id": "",
            "treat_missing_data": "missing",
            "unit": ""
          },
          "sensitive_attributes": [],
          "private": "eyJzY2hlbWFfdmVyc2lvbiI6IjEifQ==",
          "dependencies": [
            "module.alb.aws_lb_target_group.main",
            "module.asg.aws_autoscaling_group.main",
            "module.asg.aws_autoscaling_policy.scale_down",
            "module.asg.aws_launch_template.main",
            "module.asg.data.aws_ami.amazon_linux",
            "module.security_groups.aws_security_group.alb",
            "module.security_groups.aws_security_group.instance",
            "module.vpc.aws_subnet.private",
            "module.vpc.aws_vpc.main"
          ]
        }
      ]
    },
    {
      "module": "module.asg",
      "mode": "managed",
      "type": "aws_launch_template",
      "name": "main",
      "provider": "provider[\"registry.terraform.io/hashicorp/aws\"]",
      "instances": [
        {
          "schema_version": 0,
          "attributes": {
            "arn": "arn:aws:ec2:us-west-2:628350649215:launch-template/lt-0b677b9d5434441b5",
            "block_device_mappings": [],
            "capacity_reservation_specification": [],
            "cpu_options": [],
            "credit_specification": [],
            "default_version": 1,
            "description": "",
            "disable_api_stop": false,
            "disable_api_termination": false,
            "ebs_optimized": "",
            "elastic_gpu_specifications": [],
            "elastic_inference_accelerator": [],
            "enclave_options": [],
            "hibernation_options": [],
            "iam_instance_profile": [],
            "id": "lt-0b677b9d5434441b5",
            "image_id": "ami-0fc2eeaed4f7b95c5",
            "instance_initiated_shutdown_behavior": "",
            "instance_market_options": [],
            "instance_requirements": [],
            "instance_type": "t2.micro",
            "kernel_id": "",
            "key_name": "",
            "latest_version": 1,
            "license_specification": [],
            "maintenance_options": [],
            "metadata_options": [],
            "monitoring": [],
            "name": "technova-prod-lt-20250319171214419400000001",
            "name_prefix": "technova-prod-lt-",
            "network_interfaces": [
              {
                "associate_carrier_ip_address": "",
                "associate_public_ip_address": "false",
                "delete_on_termination": "",
                "description": "",
                "device_index": 0,
                "interface_type": "",
                "ipv4_address_count": 0,
                "ipv4_addresses": null,
                "ipv4_prefix_count": 0,
                "ipv4_prefixes": null,
                "ipv6_address_count": 0,
                "ipv6_addresses": null,
                "ipv6_prefix_count": 0,
                "ipv6_prefixes": null,
                "network_card_index": 0,
                "network_interface_id": "",
                "private_ip_address": "",
                "security_groups": [
                  "sg-06d15c3bd979b39fd"
                ],
                "subnet_id": ""
              }
            ],
            "placement": [],
            "private_dns_name_options": [],
            "ram_disk_id": "",
            "security_group_names": null,
            "tag_specifications": [
              {
                "resource_type": "instance",
                "tags": {
                  "Department": "IT",
                  "Environment": "prod",
                  "Name": "technova-prod-instance",
                  "Project": "technova"
                }
              }
            ],
            "tags": null,
            "tags_all": {},
            "update_default_version": null,
            "user_data": "IyEvYmluL2Jhc2gKIyBJbnN0YWxsIG5lY2Vzc2FyeSBwYWNrYWdlcwp5dW0gdXBkYXRlIC15Cnl1bSBpbnN0YWxsIC15IGh0dHBkCgojIFN0YXJ0IGFuZCBlbmFibGUgQXBhY2hlCnN5c3RlbWN0bCBzdGFydCBodHRwZApzeXN0ZW1jdGwgZW5hYmxlIGh0dHBkCgojIENyZWF0ZSBhIHNpbXBsZSB3ZWIgcGFnZQpjYXQgPiAvdmFyL3d3dy9odG1sL2luZGV4Lmh0bWwgPDwgJ0VOREhUTUwnCjwhRE9DVFlQRSBodG1sPgo8aHRtbD4KPGhlYWQ+CiAgICA8dGl0bGU+VGVjaE5vdmEgV2ViIEFwcDwvdGl0bGU+CiAgICA8c3R5bGU+CiAgICAgICAgYm9keSB7CiAgICAgICAgICAgIGZvbnQtZmFtaWx5OiBBcmlhbCwgc2Fucy1zZXJpZjsKICAgICAgICAgICAgbWFyZ2luOiAwOwogICAgICAgICAgICBwYWRkaW5nOiAwOwogICAgICAgICAgICBiYWNrZ3JvdW5kLWNvbG9yOiAjZjRmNGY0OwogICAgICAgICAgICBjb2xvcjogIzMzMzsKICAgICAgICAgICAgbGluZS1oZWlnaHQ6IDEuNjsKICAgICAgICB9CiAgICAgICAgLmNvbnRhaW5lciB7CiAgICAgICAgICAgIHdpZHRoOiA4MCU7CiAgICAgICAgICAgIG1hcmdpbjogYXV0bzsKICAgICAgICAgICAgb3ZlcmZsb3c6IGhpZGRlbjsKICAgICAgICAgICAgcGFkZGluZzogMjBweDsKICAgICAgICB9CiAgICAgICAgaGVhZGVyIHsKICAgICAgICAgICAgYmFja2dyb3VuZDogIzAwNjlkOTsKICAgICAgICAgICAgY29sb3I6IHdoaXRlOwogICAgICAgICAgICBwYWRkaW5nOiAzMHB4OwogICAgICAgICAgICB0ZXh0LWFsaWduOiBjZW50ZXI7CiAgICAgICAgfQogICAgICAgIC5jb250ZW50IHsKICAgICAgICAgICAgYmFja2dyb3VuZDogd2hpdGU7CiAgICAgICAgICAgIHBhZGRpbmc6IDIwcHg7CiAgICAgICAgICAgIG1hcmdpbi10b3A6IDIwcHg7CiAgICAgICAgICAgIGJvcmRlci1yYWRpdXM6IDVweDsKICAgICAgICAgICAgYm94LXNoYWRvdzogMCAxcHggM3B4IHJnYmEoMCwwLDAsMC4xMik7CiAgICAgICAgfQogICAgICAgIGgxIHsKICAgICAgICAgICAgbWFyZ2luOiAwOwogICAgICAgIH0KICAgICAgICBmb290ZXIgewogICAgICAgICAgICBiYWNrZ3JvdW5kOiAjMzMzOwogICAgICAgICAgICBjb2xvcjogd2hpdGU7CiAgICAgICAgICAgIHRleHQtYWxpZ246IGNlbnRlcjsKICAgICAgICAgICAgcGFkZGluZzogMTBweDsKICAgICAgICAgICAgbWFyZ2luLXRvcDogMjBweDsKICAgICAgICB9CiAgICA8L3N0eWxlPgo8L2hlYWQ+Cjxib2R5PgogICAgPGhlYWRlcj4KICAgICAgICA8ZGl2IGNsYXNzPSJjb250YWluZXIiPgogICAgICAgICAgICA8aDE+VGVjaE5vdmEgV2ViIEFwcDwvaDE+CiAgICAgICAgPC9kaXY+CiAgICA8L2hlYWRlcj4KICAgIAogICAgPGRpdiBjbGFzcz0iY29udGFpbmVyIj4KICAgICAgICA8ZGl2IGNsYXNzPSJjb250ZW50Ij4KICAgICAgICAgICAgPGgyPldlbGNvbWUgdG8gVGVjaE5vdmEncyBXZWIgQXBwbGljYXRpb248L2gyPgogICAgICAgICAgICA8cD5UaGlzIHBhZ2UgaXMgYmVpbmcgc2VydmVkIGZyb20gYW4gQW1hem9uIEVDMiBpbnN0YW5jZSB0aGF0IGlzIHBhcnQgb2YgYW4gQXV0byBTY2FsaW5nIEdyb3VwLjwvcD4KICAgICAgICAgICAgPHA+SW5zdGFuY2UgSUQ6IDxzcGFuIGlkPSJpbnN0YW5jZS1pZCI+TG9hZGluZy4uLjwvc3Bhbj48L3A+CiAgICAgICAgICAgIDxwPkF2YWlsYWJpbGl0eSBab25lOiA8c3BhbiBpZD0iYXZhaWxhYmlsaXR5LXpvbmUiPkxvYWRpbmcuLi48L3NwYW4+PC9wPgogICAgICAgIDwvZGl2PgogICAgPC9kaXY+CiAgICAKICAgIDxmb290ZXI+CiAgICAgICAgPGRpdiBjbGFzcz0iY29udGFpbmVyIj4KICAgICAgICAgICAgPHA+JmNvcHk7IDIwMjUgVGVjaE5vdmEuIEFsbCByaWdodHMgcmVzZXJ2ZWQuPC9wPgogICAgICAgIDwvZGl2PgogICAgPC9mb290ZXI+CiAgICAKICAgIDxzY3JpcHQ+CiAgICAgICAgLy8gRmV0Y2ggRUMyIGluc3RhbmNlIG1ldGFkYXRhCiAgICAgICAgZmV0Y2goJ2h0dHA6Ly8xNjkuMjU0LjE2OS4yNTQvbGF0ZXN0L21ldGEtZGF0YS9pbnN0YW5jZS1pZCcpCiAgICAgICAgICAgIC50aGVuKHJlc3BvbnNlID0+IHJlc3BvbnNlLnRleHQoKSkKICAgICAgICAgICAgLnRoZW4oZGF0YSA9PiB7CiAgICAgICAgICAgICAgICBkb2N1bWVudC5nZXRFbGVtZW50QnlJZCgnaW5zdGFuY2UtaWQnKS50ZXh0Q29udGVudCA9IGRhdGE7CiAgICAgICAgICAgIH0pOwogICAgICAgICAgICAKICAgICAgICBmZXRjaCgnaHR0cDovLzE2OS4yNTQuMTY5LjI1NC9sYXRlc3QvbWV0YS1kYXRhL3BsYWNlbWVudC9hdmFpbGFiaWxpdHktem9uZScpCiAgICAgICAgICAgIC50aGVuKHJlc3BvbnNlID0+IHJlc3BvbnNlLnRleHQoKSkKICAgICAgICAgICAgLnRoZW4oZGF0YSA9PiB7CiAgICAgICAgICAgICAgICBkb2N1bWVudC5nZXRFbGVtZW50QnlJZCgnYXZhaWxhYmlsaXR5LXpvbmUnKS50ZXh0Q29udGVudCA9IGRhdGE7CiAgICAgICAgICAgIH0pOwogICAgPC9zY3JpcHQ+CjwvYm9keT4KPC9odG1sPgpFTkRIVE1MCgojIFNldCBjb3JyZWN0IHBlcm1pc3Npb25zCmNobW9kIDY0NCAvdmFyL3d3dy9odG1sL2luZGV4Lmh0bWwK",
            "vpc_security_group_ids": null
          },
          "sensitive_attributes": [],
          "private": "bnVsbA==",
          "dependencies": [
            "module.asg.data.aws_ami.amazon_linux",
            "module.security_groups.aws_security_group.alb",
            "module.security_groups.aws_security_group.instance",
            "module.vpc.aws_vpc.main"
          ],
          "create_before_destroy": true
        }
      ]
    },
    {
      "module": "module.security_groups",
      "mode": "managed",
      "type": "aws_security_group",
      "name": "alb",
      "provider": "provider[\"registry.terraform.io/hashicorp/aws\"]",
      "instances": [
        {
          "schema_version": 1,
          "attributes": {
            "arn": "arn:aws:ec2:us-west-2:628350649215:security-group/sg-05e0145e2e8035523",
            "description": "Security group for the application load balancer",
            "egress": [
              {
                "cidr_blocks": [
                  "0.0.0.0/0"
                ],
                "description": "",
                "from_port": 0,
                "ipv6_cidr_blocks": [],
                "prefix_list_ids": [],
                "protocol": "-1",
                "security_groups": [],
                "self": false,
                "to_port": 0
              }
            ],
            "id": "sg-05e0145e2e8035523",
            "ingress": [
              {
                "cidr_blocks": [
                  "0.0.0.0/0"
                ],
                "description": "HTTP from internet",
                "from_port": 80,
                "ipv6_cidr_blocks": [],
                "prefix_list_ids": [],
                "protocol": "tcp",
                "security_groups": [],
                "self": false,
                "to_port": 80
              }
            ],
            "name": "technova-prod-alb-sg",
            "name_prefix": "",
            "owner_id": "628350649215",
            "revoke_rules_on_delete": false,
            "tags": {
              "Department": "IT",
              "Environment": "prod",
              "Name": "technova-prod-alb-sg",
              "Project": "technova"
            },
            "tags_all": {
              "Department": "IT",
              "Environment": "prod",
              "Name": "technova-prod-alb-sg",
              "Project": "technova"
            },
            "timeouts": null,
            "vpc_id": "vpc-09a2605b44ad2c3f0"
          },
          "sensitive_attributes": [],
          "private": "eyJlMmJmYjczMC1lY2FhLTExZTYtOGY4OC0zNDM2M2JjN2M0YzAiOnsiY3JlYXRlIjo2MDAwMDAwMDAwMDAsImRlbGV0ZSI6OTAwMDAwMDAwMDAwfSwic2NoZW1hX3ZlcnNpb24iOiIxIn0=",
          "dependencies": [
            "module.vpc.aws_vpc.main"
          ],
          "create_before_destroy": true
        }
      ]
    },
    {
      "module": "module.security_groups",
      "mode": "managed",
      "type": "aws_security_group",
      "name": "instance",
      "provider": "provider[\"registry.terraform.io/hashicorp/aws\"]",
      "instances": [
        {
          "schema_version": 1,
          "attributes": {
            "arn": "arn:aws:ec2:us-west-2:628350649215:security-group/sg-06d15c3bd979b39fd",
            "description": "Security group for the web application instances",
            "egress": [
              {
                "cidr_blocks": [
                  "0.0.0.0/0"
                ],
                "description": "",
                "from_port": 0,
                "ipv6_cidr_blocks": [],
                "prefix_list_ids": [],
                "protocol": "-1",
                "security_groups": [],
                "self": false,
                "to_port": 0
              }
            ],
            "id": "sg-06d15c3bd979b39fd",
            "ingress": [
              {
                "cidr_blocks": [],
                "description": "HTTP from ALB",
                "from_port": 80,
                "ipv6_cidr_blocks": [],
                "prefix_list_ids": [],
                "protocol": "tcp",
                "security_groups": [
                  "sg-05e0145e2e8035523"
                ],
                "self": false,
                "to_port": 80
              },
              {
                "cidr_blocks": [],
                "description": "HTTPS from ALB",
                "from_port": 443,
                "ipv6_cidr_blocks": [],
                "prefix_list_ids": [],
                "protocol": "tcp",
                "security_groups": [
                  "sg-05e0145e2e8035523"
                ],
                "self": false,
                "to_port": 443
              }
            ],
            "name": "technova-prod-instance-sg",
            "name_prefix": "",
            "owner_id": "628350649215",
            "revoke_rules_on_delete": false,
            "tags": {
              "Department": "IT",
              "Environment": "prod",
              "Name": "technova-prod-instance-sg",
              "Project": "technova"
            },
            "tags_all": {
              "Department": "IT",
              "Environment": "prod",
              "Name": "technova-prod-instance-sg",
              "Project": "technova"
            },
            "timeouts": null,
            "vpc_id": "vpc-09a2605b44ad2c3f0"
          },
          "sensitive_attributes": [],
          "private": "eyJlMmJmYjczMC1lY2FhLTExZTYtOGY4OC0zNDM2M2JjN2M0YzAiOnsiY3JlYXRlIjo2MDAwMDAwMDAwMDAsImRlbGV0ZSI6OTAwMDAwMDAwMDAwfSwic2NoZW1hX3ZlcnNpb24iOiIxIn0=",
          "dependencies": [
            "module.security_groups.aws_security_group.alb",
            "module.vpc.aws_vpc.main"
          ],
          "create_before_destroy": true
        }
      ]
    },
    {
      "module": "module.vpc",
      "mode": "managed",
      "type": "aws_eip",
      "name": "nat",
      "provider": "provider[\"registry.terraform.io/hashicorp/aws\"]",
      "instances": [
        {
          "index_key": 0,
          "schema_version": 0,
          "attributes": {
            "address": null,
            "allocation_id": "eipalloc-009f9a20d47876b95",
            "associate_with_private_ip": null,
            "association_id": "",
            "carrier_ip": "",
            "customer_owned_ip": "",
            "customer_owned_ipv4_pool": "",
            "domain": "vpc",
            "id": "eipalloc-009f9a20d47876b95",
            "instance": "",
            "network_border_group": "us-west-2",
            "network_interface": "",
            "private_dns": null,
            "private_ip": "",
            "public_dns": "ec2-44-246-176-201.us-west-2.compute.amazonaws.com",
            "public_ip": "44.246.176.201",
            "public_ipv4_pool": "amazon",
            "tags": {
              "Department": "IT",
              "Environment": "prod",
              "Name": "technova-prod-eip-1",
              "Project": "technova"
            },
            "tags_all": {
              "Department": "IT",
              "Environment": "prod",
              "Name": "technova-prod-eip-1",
              "Project": "technova"
            },
            "timeouts": null,
            "vpc": true
          },
          "sensitive_attributes": [],
          "private": "eyJlMmJmYjczMC1lY2FhLTExZTYtOGY4OC0zNDM2M2JjN2M0YzAiOnsiZGVsZXRlIjoxODAwMDAwMDAwMDAsInJlYWQiOjkwMDAwMDAwMDAwMCwidXBkYXRlIjozMDAwMDAwMDAwMDB9fQ=="
        },
        {
          "index_key": 1,
          "schema_version": 0,
          "attributes": {
            "address": null,
            "allocation_id": "eipalloc-06658be6da9123871",
            "associate_with_private_ip": null,
            "association_id": "",
            "carrier_ip": "",
            "customer_owned_ip": "",
            "customer_owned_ipv4_pool": "",
            "domain": "vpc",
            "id": "eipalloc-06658be6da9123871",
            "instance": "",
            "network_border_group": "us-west-2",
            "network_interface": "",
            "private_dns": null,
            "private_ip": "",
            "public_dns": "ec2-44-240-86-72.us-west-2.compute.amazonaws.com",
            "public_ip": "44.240.86.72",
            "public_ipv4_pool": "amazon",
            "tags": {
              "Department": "IT",
              "Environment": "prod",
              "Name": "technova-prod-eip-2",
              "Project": "technova"
            },
            "tags_all": {
              "Department": "IT",
              "Environment": "prod",
              "Name": "technova-prod-eip-2",
              "Project": "technova"
            },
            "timeouts": null,
            "vpc": true
          },
          "sensitive_attributes": [],
          "private": "eyJlMmJmYjczMC1lY2FhLTExZTYtOGY4OC0zNDM2M2JjN2M0YzAiOnsiZGVsZXRlIjoxODAwMDAwMDAwMDAsInJlYWQiOjkwMDAwMDAwMDAwMCwidXBkYXRlIjozMDAwMDAwMDAwMDB9fQ=="
        }
      ]
    },
    {
      "module": "module.vpc",
      "mode": "managed",
      "type": "aws_internet_gateway",
      "name": "main",
      "provider": "provider[\"registry.terraform.io/hashicorp/aws\"]",
      "instances": [
        {
          "schema_version": 0,
          "attributes": {
            "arn": "arn:aws:ec2:us-west-2:628350649215:internet-gateway/igw-0927a885ac362c288",
            "id": "igw-0927a885ac362c288",
            "owner_id": "628350649215",
            "tags": {
              "Department": "IT",
              "Environment": "prod",
              "Name": "technova-prod-igw",
              "Project": "technova"
            },
            "tags_all": {
              "Department": "IT",
              "Environment": "prod",
              "Name": "technova-prod-igw",
              "Project": "technova"
            },
            "timeouts": null,
            "vpc_id": "vpc-09a2605b44ad2c3f0"
          },
          "sensitive_attributes": [],
          "private": "eyJlMmJmYjczMC1lY2FhLTExZTYtOGY4OC0zNDM2M2JjN2M0YzAiOnsiY3JlYXRlIjoxMjAwMDAwMDAwMDAwLCJkZWxldGUiOjEyMDAwMDAwMDAwMDAsInVwZGF0ZSI6MTIwMDAwMDAwMDAwMH19",
          "dependencies": [
            "module.vpc.aws_vpc.main"
          ]
        }
      ]
    },
    {
      "module": "module.vpc",
      "mode": "managed",
      "type": "aws_nat_gateway",
      "name": "main",
      "provider": "provider[\"registry.terraform.io/hashicorp/aws\"]",
      "instances": [
        {
          "index_key": 0,
          "schema_version": 0,
          "attributes": {
            "allocation_id": "eipalloc-009f9a20d47876b95",
            "connectivity_type": "public",
            "id": "nat-0a33a3e9c21ead97e",
            "network_interface_id": "eni-0f031d4d5fa406b1a",
            "private_ip": "10.0.1.20",
            "public_ip": "44.246.176.201",
            "subnet_id": "subnet-089d50906709c3697",
            "tags": {
              "Department": "IT",
              "Environment": "prod",
              "Name": "technova-prod-nat-1",
              "Project": "technova"
            },
            "tags_all": {
              "Department": "IT",
              "Environment": "prod",
              "Name": "technova-prod-nat-1",
              "Project": "technova"
            }
          },
          "sensitive_attributes": [],
          "private": "bnVsbA==",
          "dependencies": [
            "module.vpc.aws_eip.nat",
            "module.vpc.aws_internet_gateway.main",
            "module.vpc.aws_subnet.public",
            "module.vpc.aws_vpc.main"
          ]
        },
        {
          "index_key": 1,
          "schema_version": 0,
          "attributes": {
            "allocation_id": "eipalloc-06658be6da9123871",
            "connectivity_type": "public",
            "id": "nat-037d8b49e3cf4b774",
            "network_interface_id": "eni-076f3fa42e9493149",
            "private_ip": "10.0.2.113",
            "public_ip": "44.240.86.72",
            "subnet_id": "subnet-0c16c71f5f51a8500",
            "tags": {
              "Department": "IT",
              "Environment": "prod",
              "Name": "technova-prod-nat-2",
              "Project": "technova"
            },
            "tags_all": {
              "Department": "IT",
              "Environment": "prod",
              "Name": "technova-prod-nat-2",
              "Project": "technova"
            }
          },
          "sensitive_attributes": [],
          "private": "bnVsbA==",
          "dependencies": [
            "module.vpc.aws_eip.nat",
            "module.vpc.aws_internet_gateway.main",
            "module.vpc.aws_subnet.public",
            "module.vpc.aws_vpc.main"
          ]
        }
      ]
    },
    {
      "module": "module.vpc",
      "mode": "managed",
      "type": "aws_route_table",
      "name": "private",
      "provider": "provider[\"registry.terraform.io/hashicorp/aws\"]",
      "instances": [
        {
          "index_key": 0,
          "schema_version": 0,
          "attributes": {
            "arn": "arn:aws:ec2:us-west-2:628350649215:route-table/rtb-06e85c8e3eb05c7ff",
            "id": "rtb-06e85c8e3eb05c7ff",
            "owner_id": "628350649215",
            "propagating_vgws": [],
            "route": [
              {
                "carrier_gateway_id": "",
                "cidr_block": "0.0.0.0/0",
                "core_network_arn": "",
                "destination_prefix_list_id": "",
                "egress_only_gateway_id": "",
                "gateway_id": "",
                "instance_id": "",
                "ipv6_cidr_block": "",
                "local_gateway_id": "",
                "nat_gateway_id": "nat-0a33a3e9c21ead97e",
                "network_interface_id": "",
                "transit_gateway_id": "",
                "vpc_endpoint_id": "",
                "vpc_peering_connection_id": ""
              }
            ],
            "tags": {
              "Department": "IT",
              "Environment": "prod",
              "Name": "technova-prod-private-rt-1",
              "Project": "technova"
            },
            "tags_all": {
              "Department": "IT",
              "Environment": "prod",
              "Name": "technova-prod-private-rt-1",
              "Project": "technova"
            },
            "timeouts": null,
            "vpc_id": "vpc-09a2605b44ad2c3f0"
          },
          "sensitive_attributes": [],
          "private": "eyJlMmJmYjczMC1lY2FhLTExZTYtOGY4OC0zNDM2M2JjN2M0YzAiOnsiY3JlYXRlIjozMDAwMDAwMDAwMDAsImRlbGV0ZSI6MzAwMDAwMDAwMDAwLCJ1cGRhdGUiOjEyMDAwMDAwMDAwMH19",
          "dependencies": [
            "module.vpc.aws_eip.nat",
            "module.vpc.aws_internet_gateway.main",
            "module.vpc.aws_nat_gateway.main",
            "module.vpc.aws_subnet.public",
            "module.vpc.aws_vpc.main"
          ]
        },
        {
          "index_key": 1,
          "schema_version": 0,
          "attributes": {
            "arn": "arn:aws:ec2:us-west-2:628350649215:route-table/rtb-06d19d4ec956bd2d8",
            "id": "rtb-06d19d4ec956bd2d8",
            "owner_id": "628350649215",
            "propagating_vgws": [],
            "route": [
              {
                "carrier_gateway_id": "",
                "cidr_block": "0.0.0.0/0",
                "core_network_arn": "",
                "destination_prefix_list_id": "",
                "egress_only_gateway_id": "",
                "gateway_id": "",
                "instance_id": "",
                "ipv6_cidr_block": "",
                "local_gateway_id": "",
                "nat_gateway_id": "nat-037d8b49e3cf4b774",
                "network_interface_id": "",
                "transit_gateway_id": "",
                "vpc_endpoint_id": "",
                "vpc_peering_connection_id": ""
              }
            ],
            "tags": {
              "Department": "IT",
              "Environment": "prod",
              "Name": "technova-prod-private-rt-2",
              "Project": "technova"
            },
            "tags_all": {
              "Department": "IT",
              "Environment": "prod",
              "Name": "technova-prod-private-rt-2",
              "Project": "technova"
            },
            "timeouts": null,
            "vpc_id": "vpc-09a2605b44ad2c3f0"
          },
          "sensitive_attributes": [],
          "private": "eyJlMmJmYjczMC1lY2FhLTExZTYtOGY4OC0zNDM2M2JjN2M0YzAiOnsiY3JlYXRlIjozMDAwMDAwMDAwMDAsImRlbGV0ZSI6MzAwMDAwMDAwMDAwLCJ1cGRhdGUiOjEyMDAwMDAwMDAwMH19",
          "dependencies": [
            "module.vpc.aws_eip.nat",
            "module.vpc.aws_internet_gateway.main",
            "module.vpc.aws_nat_gateway.main",
            "module.vpc.aws_subnet.public",
            "module.vpc.aws_vpc.main"
          ]
        }
      ]
    },
    {
      "module": "module.vpc",
      "mode": "managed",
      "type": "aws_route_table",
      "name": "public",
      "provider": "provider[\"registry.terraform.io/hashicorp/aws\"]",
      "instances": [
        {
          "schema_version": 0,
          "attributes": {
            "arn": "arn:aws:ec2:us-west-2:628350649215:route-table/rtb-0254353d92fb9473d",
            "id": "rtb-0254353d92fb9473d",
            "owner_id": "628350649215",
            "propagating_vgws": [],
            "route": [
              {
                "carrier_gateway_id": "",
                "cidr_block": "0.0.0.0/0",
                "core_network_arn": "",
                "destination_prefix_list_id": "",
                "egress_only_gateway_id": "",
                "gateway_id": "igw-0927a885ac362c288",
                "instance_id": "",
                "ipv6_cidr_block": "",
                "local_gateway_id": "",
                "nat_gateway_id": "",
                "network_interface_id": "",
                "transit_gateway_id": "",
                "vpc_endpoint_id": "",
                "vpc_peering_connection_id": ""
              }
            ],
            "tags": {
              "Department": "IT",
              "Environment": "prod",
              "Name": "technova-prod-public-rt",
              "Project": "technova"
            },
            "tags_all": {
              "Department": "IT",
              "Environment": "prod",
              "Name": "technova-prod-public-rt",
              "Project": "technova"
            },
            "timeouts": null,
            "vpc_id": "vpc-09a2605b44ad2c3f0"
          },
          "sensitive_attributes": [],
          "private": "eyJlMmJmYjczMC1lY2FhLTExZTYtOGY4OC0zNDM2M2JjN2M0YzAiOnsiY3JlYXRlIjozMDAwMDAwMDAwMDAsImRlbGV0ZSI6MzAwMDAwMDAwMDAwLCJ1cGRhdGUiOjEyMDAwMDAwMDAwMH19",
          "dependencies": [
            "module.vpc.aws_internet_gateway.main",
            "module.vpc.aws_vpc.main"
          ]
        }
      ]
    },
    {
      "module": "module.vpc",
      "mode": "managed",
      "type": "aws_route_table_association",
      "name": "private",
      "provider": "provider[\"registry.terraform.io/hashicorp/aws\"]",
      "instances": [
        {
          "index_key": 0,
          "schema_version": 0,
          "attributes": {
            "gateway_id": "",
            "id": "rtbassoc-0c96f3553c5d7219b",
            "route_table_id": "rtb-06e85c8e3eb05c7ff",
            "subnet_id": "subnet-0f8cbd85ec916c448"
          },
          "sensitive_attributes": [],
          "private": "bnVsbA==",
          "dependencies": [
            "module.vpc.aws_eip.nat",
            "module.vpc.aws_internet_gateway.main",
            "module.vpc.aws_nat_gateway.main",
            "module.vpc.aws_route_table.private",
            "module.vpc.aws_subnet.private",
            "module.vpc.aws_subnet.public",
            "module.vpc.aws_vpc.main"
          ]
        },
        {
          "index_key": 1,
          "schema_version": 0,
          "attributes": {
            "gateway_id": "",
            "id": "rtbassoc-0f36f9d5d6b346c23",
            "route_table_id": "rtb-06d19d4ec956bd2d8",
            "subnet_id": "subnet-005c473ab7cbfb51d"
          },
          "sensitive_attributes": [],
          "private": "bnVsbA==",
          "dependencies": [
            "module.vpc.aws_eip.nat",
            "module.vpc.aws_internet_gateway.main",
            "module.vpc.aws_nat_gateway.main",
            "module.vpc.aws_route_table.private",
            "module.vpc.aws_subnet.private",
            "module.vpc.aws_subnet.public",
            "module.vpc.aws_vpc.main"
          ]
        }
      ]
    },
    {
      "module": "module.vpc",
      "mode": "managed",
      "type": "aws_route_table_association",
      "name": "public",
      "provider": "provider[\"registry.terraform.io/hashicorp/aws\"]",
      "instances": [
        {
          "index_key": 0,
          "schema_version": 0,
          "attributes": {
            "gateway_id": "",
            "id": "rtbassoc-0170c716c66d36226",
            "route_table_id": "rtb-0254353d92fb9473d",
            "subnet_id": "subnet-089d50906709c3697"
          },
          "sensitive_attributes": [],
          "private": "bnVsbA==",
          "dependencies": [
            "module.vpc.aws_internet_gateway.main",
            "module.vpc.aws_route_table.public",
            "module.vpc.aws_subnet.public",
            "module.vpc.aws_vpc.main"
          ]
        },
        {
          "index_key": 1,
          "schema_version": 0,
          "attributes": {
            "gateway_id": "",
            "id": "rtbassoc-082b0f3bc3330d06c",
            "route_table_id": "rtb-0254353d92fb9473d",
            "subnet_id": "subnet-0c16c71f5f51a8500"
          },
          "sensitive_attributes": [],
          "private": "bnVsbA==",
          "dependencies": [
            "module.vpc.aws_internet_gateway.main",
            "module.vpc.aws_route_table.public",
            "module.vpc.aws_subnet.public",
            "module.vpc.aws_vpc.main"
          ]
        }
      ]
    },
    {
      "module": "module.vpc",
      "mode": "managed",
      "type": "aws_subnet",
      "name": "private",
      "provider": "provider[\"registry.terraform.io/hashicorp/aws\"]",
      "instances": [
        {
          "index_key": 0,
          "schema_version": 1,
          "attributes": {
            "arn": "arn:aws:ec2:us-west-2:628350649215:subnet/subnet-0f8cbd85ec916c448",
            "assign_ipv6_address_on_creation": false,
            "availability_zone": "us-west-2a",
            "availability_zone_id": "usw2-az1",
            "cidr_block": "10.0.3.0/24",
            "customer_owned_ipv4_pool": "",
            "enable_dns64": false,
            "enable_resource_name_dns_a_record_on_launch": false,
            "enable_resource_name_dns_aaaa_record_on_launch": false,
            "id": "subnet-0f8cbd85ec916c448",
            "ipv6_cidr_block": "",
            "ipv6_cidr_block_association_id": "",
            "ipv6_native": false,
            "map_customer_owned_ip_on_launch": false,
            "map_public_ip_on_launch": false,
            "outpost_arn": "",
            "owner_id": "628350649215",
            "private_dns_hostname_type_on_launch": "ip-name",
            "tags": {
              "Department": "IT",
              "Environment": "prod",
              "Name": "technova-prod-private-subnet-1",
              "Project": "technova"
            },
            "tags_all": {
              "Department": "IT",
              "Environment": "prod",
              "Name": "technova-prod-private-subnet-1",
              "Project": "technova"
            },
            "timeouts": null,
            "vpc_id": "vpc-09a2605b44ad2c3f0"
          },
          "sensitive_attributes": [],
          "private": "eyJlMmJmYjczMC1lY2FhLTExZTYtOGY4OC0zNDM2M2JjN2M0YzAiOnsiY3JlYXRlIjo2MDAwMDAwMDAwMDAsImRlbGV0ZSI6MTIwMDAwMDAwMDAwMH0sInNjaGVtYV92ZXJzaW9uIjoiMSJ9",
          "dependencies": [
            "module.vpc.aws_vpc.main"
          ],
          "create_before_destroy": true
        },
        {
          "index_key": 1,
          "schema_version": 1,
          "attributes": {
            "arn": "arn:aws:ec2:us-west-2:628350649215:subnet/subnet-005c473ab7cbfb51d",
            "assign_ipv6_address_on_creation": false,
            "availability_zone": "us-west-2b",
            "availability_zone_id": "usw2-az2",
            "cidr_block": "10.0.4.0/24",
            "customer_owned_ipv4_pool": "",
            "enable_dns64": false,
            "enable_resource_name_dns_a_record_on_launch": false,
            "enable_resource_name_dns_aaaa_record_on_launch": false,
            "id": "subnet-005c473ab7cbfb51d",
            "ipv6_cidr_block": "",
            "ipv6_cidr_block_association_id": "",
            "ipv6_native": false,
            "map_customer_owned_ip_on_launch": false,
            "map_public_ip_on_launch": false,
            "outpost_arn": "",
            "owner_id": "628350649215",
            "private_dns_hostname_type_on_launch": "ip-name",
            "tags": {
              "Department": "IT",
              "Environment": "prod",
              "Name": "technova-prod-private-subnet-2",
              "Project": "technova"
            },
            "tags_all": {
              "Department": "IT",
              "Environment": "prod",
              "Name": "technova-prod-private-subnet-2",
              "Project": "technova"
            },
            "timeouts": null,
            "vpc_id": "vpc-09a2605b44ad2c3f0"
          },
          "sensitive_attributes": [],
          "private": "eyJlMmJmYjczMC1lY2FhLTExZTYtOGY4OC0zNDM2M2JjN2M0YzAiOnsiY3JlYXRlIjo2MDAwMDAwMDAwMDAsImRlbGV0ZSI6MTIwMDAwMDAwMDAwMH0sInNjaGVtYV92ZXJzaW9uIjoiMSJ9",
          "dependencies": [
            "module.vpc.aws_vpc.main"
          ],
          "create_before_destroy": true
        }
      ]
    },
    {
      "module": "module.vpc",
      "mode": "managed",
      "type": "aws_subnet",
      "name": "public",
      "provider": "provider[\"registry.terraform.io/hashicorp/aws\"]",
      "instances": [
        {
          "index_key": 0,
          "schema_version": 1,
          "attributes": {
            "arn": "arn:aws:ec2:us-west-2:628350649215:subnet/subnet-089d50906709c3697",
            "assign_ipv6_address_on_creation": false,
            "availability_zone": "us-west-2a",
            "availability_zone_id": "usw2-az1",
            "cidr_block": "10.0.1.0/24",
            "customer_owned_ipv4_pool": "",
            "enable_dns64": false,
            "enable_resource_name_dns_a_record_on_launch": false,
            "enable_resource_name_dns_aaaa_record_on_launch": false,
            "id": "subnet-089d50906709c3697",
            "ipv6_cidr_block": "",
            "ipv6_cidr_block_association_id": "",
            "ipv6_native": false,
            "map_customer_owned_ip_on_launch": false,
            "map_public_ip_on_launch": true,
            "outpost_arn": "",
            "owner_id": "628350649215",
            "private_dns_hostname_type_on_launch": "ip-name",
            "tags": {
              "Department": "IT",
              "Environment": "prod",
              "Name": "technova-prod-public-subnet-1",
              "Project": "technova"
            },
            "tags_all": {
              "Department": "IT",
              "Environment": "prod",
              "Name": "technova-prod-public-subnet-1",
              "Project": "technova"
            },
            "timeouts": null,
            "vpc_id": "vpc-09a2605b44ad2c3f0"
          },
          "sensitive_attributes": [],
          "private": "eyJlMmJmYjczMC1lY2FhLTExZTYtOGY4OC0zNDM2M2JjN2M0YzAiOnsiY3JlYXRlIjo2MDAwMDAwMDAwMDAsImRlbGV0ZSI6MTIwMDAwMDAwMDAwMH0sInNjaGVtYV92ZXJzaW9uIjoiMSJ9",
          "dependencies": [
            "module.vpc.aws_vpc.main"
          ]
        },
        {
          "index_key": 1,
          "schema_version": 1,
          "attributes": {
            "arn": "arn:aws:ec2:us-west-2:628350649215:subnet/subnet-0c16c71f5f51a8500",
            "assign_ipv6_address_on_creation": false,
            "availability_zone": "us-west-2b",
            "availability_zone_id": "usw2-az2",
            "cidr_block": "10.0.2.0/24",
            "customer_owned_ipv4_pool": "",
            "enable_dns64": false,
            "enable_resource_name_dns_a_record_on_launch": false,
            "enable_resource_name_dns_aaaa_record_on_launch": false,
            "id": "subnet-0c16c71f5f51a8500",
            "ipv6_cidr_block": "",
            "ipv6_cidr_block_association_id": "",
            "ipv6_native": false,
            "map_customer_owned_ip_on_launch": false,
            "map_public_ip_on_launch": true,
            "outpost_arn": "",
            "owner_id": "628350649215",
            "private_dns_hostname_type_on_launch": "ip-name",
            "tags": {
              "Department": "IT",
              "Environment": "prod",
              "Name": "technova-prod-public-subnet-2",
              "Project": "technova"
            },
            "tags_all": {
              "Department": "IT",
              "Environment": "prod",
              "Name": "technova-prod-public-subnet-2",
              "Project": "technova"
            },
            "timeouts": null,
            "vpc_id": "vpc-09a2605b44ad2c3f0"
          },
          "sensitive_attributes": [],
          "private": "eyJlMmJmYjczMC1lY2FhLTExZTYtOGY4OC0zNDM2M2JjN2M0YzAiOnsiY3JlYXRlIjo2MDAwMDAwMDAwMDAsImRlbGV0ZSI6MTIwMDAwMDAwMDAwMH0sInNjaGVtYV92ZXJzaW9uIjoiMSJ9",
          "dependencies": [
            "module.vpc.aws_vpc.main"
          ]
        }
      ]
    },
    {
      "module": "module.vpc",
      "mode": "managed",
      "type": "aws_vpc",
      "name": "main",
      "provider": "provider[\"registry.terraform.io/hashicorp/aws\"]",
      "instances": [
        {
          "schema_version": 1,
          "attributes": {
            "arn": "arn:aws:ec2:us-west-2:628350649215:vpc/vpc-09a2605b44ad2c3f0",
            "assign_generated_ipv6_cidr_block": false,
            "cidr_block": "10.0.0.0/16",
            "default_network_acl_id": "acl-06b45d983adf0a543",
            "default_route_table_id": "rtb-0549ac0d0fcf05377",
            "default_security_group_id": "sg-0c2209a45f897f79c",
            "dhcp_options_id": "dopt-045228b22aeeb3194",
            "enable_classiclink": false,
            "enable_classiclink_dns_support": false,
            "enable_dns_hostnames": true,
            "enable_dns_support": true,
            "enable_network_address_usage_metrics": false,
            "id": "vpc-09a2605b44ad2c3f0",
            "instance_tenancy": "default",
            "ipv4_ipam_pool_id": null,
            "ipv4_netmask_length": null,
            "ipv6_association_id": "",
            "ipv6_cidr_block": "",
            "ipv6_cidr_block_network_border_group": "",
            "ipv6_ipam_pool_id": "",
            "ipv6_netmask_length": 0,
            "main_route_table_id": "rtb-0549ac0d0fcf05377",
            "owner_id": "628350649215",
            "tags": {
              "Department": "IT",
              "Environment": "prod",
              "Name": "technova-prod-vpc",
              "Project": "technova"
            },
            "tags_all": {
              "Department": "IT",
              "Environment": "prod",
              "Name": "technova-prod-vpc",
              "Project": "technova"
            }
          },
          "sensitive_attributes": [],
          "private": "eyJzY2hlbWFfdmVyc2lvbiI6IjEifQ==",
          "create_before_destroy": true
        }
      ]
    }
  ],
  "check_results": null
}
